
Microsoft Visual Studio Solution File, Format Version 12.00
# Visual Studio Version 17
VisualStudioVersion = 17.4.33205.214
MinimumVisualStudioVersion = 10.0.40219.1
Project("{FAE04EC0-301F-11D3-BF4B-00C04F79EFBC}") = "Game-of-Goose", "Game-of-Goose\Game-of-Goose.csproj", "{2618CF8A-A94B-4A7C-AC22-7F63741D4392}"
EndProject
Project("{FAE04EC0-301F-11D3-BF4B-00C04F79EFBC}") = "GameOfGoose.Test", "GameOfGoose.Test\GameOfGoose.Test.csproj", "{40DFBCDF-BE11-4B4C-8CF0-76E1F4A733C1}"
EndProject
Global
	GlobalSection(SolutionConfigurationPlatforms) = preSolution
		Debug|Any CPU = Debug|Any CPU
		Release|Any CPU = Release|Any CPU
	EndGlobalSection
	GlobalSection(ProjectConfigurationPlatforms) = postSolution
		{2618CF8A-A94B-4A7C-AC22-7F63741D4392}.Debug|Any CPU.ActiveCfg = Debug|Any CPU
		{2618CF8A-A94B-4A7C-AC22-7F63741D4392}.Debug|Any CPU.Build.0 = Debug|Any CPU
		{2618CF8A-A94B-4A7C-AC22-7F63741D4392}.Release|Any CPU.ActiveCfg = Release|Any CPU
		{2618CF8A-A94B-4A7C-AC22-7F63741D4392}.Release|Any CPU.Build.0 = Release|Any CPU
		{40DFBCDF-BE11-4B4C-8CF0-76E1F4A733C1}.Debug|Any CPU.ActiveCfg = Debug|Any CPU
		{40DFBCDF-BE11-4B4C-8CF0-76E1F4A733C1}.Debug|Any CPU.Build.0 = Debug|Any CPU
		{40DFBCDF-BE11-4B4C-8CF0-76E1F4A733C1}.Release|Any CPU.ActiveCfg = Release|Any CPU
		{40DFBCDF-BE11-4B4C-8CF0-76E1F4A733C1}.Release|Any CPU.Build.0 = Release|Any CPU
	EndGlobalSection
	GlobalSection(SolutionProperties) = preSolution
		HideSolutionNode = FALSE
	EndGlobalSection
	GlobalSection(ExtensibilityGlobals) = postSolution
		SolutionGuid = {15F08E6A-A525-442A-A6AC-E2AFA9DBA81B}
	EndGlobalSection
EndGlobal
